
Microsoft Visual Studio Solution File, Format Version 12.00
# Visual Studio Version 16
VisualStudioVersion = 16.0.31424.327
MinimumVisualStudioVersion = 10.0.40219.1
Project("{FAE04EC0-301F-11D3-BF4B-00C04F79EFBC}") = "NewFeed", "NewFeed\NewFeed\NewFeed.csproj", "{6C62442D-0F42-4845-8F7C-50570C30C711}"
EndProject
Project("{FAE04EC0-301F-11D3-BF4B-00C04F79EFBC}") = "NewFeed.Android", "NewFeed\NewFeed.Android\NewFeed.Android.csproj", "{E1561712-6C40-48CF-9219-765571B8D2E7}"
EndProject
Project("{FAE04EC0-301F-11D3-BF4B-00C04F79EFBC}") = "NewFeed.iOS", "NewFeed\NewFeed.iOS\NewFeed.iOS.csproj", "{DAB60D26-107E-4C29-9020-C181BBC5862F}"
EndProject
Project("{FAE04EC0-301F-11D3-BF4B-00C04F79EFBC}") = "NewFeed.UWP", "NewFeed\NewFeed.UWP\NewFeed.UWP.csproj", "{02232212-B4AD-413D-8E4B-854AAA95F8DF}"
EndProject
Global
	GlobalSection(SolutionConfigurationPlatforms) = preSolution
		Ad-Hoc|Any CPU = Ad-Hoc|Any CPU
		Ad-Hoc|ARM = Ad-Hoc|ARM
		Ad-Hoc|iPhone = Ad-Hoc|iPhone
		Ad-Hoc|iPhoneSimulator = Ad-Hoc|iPhoneSimulator
		Ad-Hoc|x64 = Ad-Hoc|x64
		Ad-Hoc|x86 = Ad-Hoc|x86
		AppStore|Any CPU = AppStore|Any CPU
		AppStore|ARM = AppStore|ARM
		AppStore|iPhone = AppStore|iPhone
		AppStore|iPhoneSimulator = AppStore|iPhoneSimulator
		AppStore|x64 = AppStore|x64
		AppStore|x86 = AppStore|x86
		Debug|Any CPU = Debug|Any CPU
		Debug|ARM = Debug|ARM
		Debug|iPhone = Debug|iPhone
		Debug|iPhoneSimulator = Debug|iPhoneSimulator
		Debug|x64 = Debug|x64
		Debug|x86 = Debug|x86
		Release|Any CPU = Release|Any CPU
		Release|ARM = Release|ARM
		Release|iPhone = Release|iPhone
		Release|iPhoneSimulator = Release|iPhoneSimulator
		Release|x64 = Release|x64
		Release|x86 = Release|x86
	EndGlobalSection
	GlobalSection(ProjectConfigurationPlatforms) = postSolution
		{6C62442D-0F42-4845-8F7C-50570C30C711}.Ad-Hoc|Any CPU.ActiveCfg = Debug|Any CPU
		{6C62442D-0F42-4845-8F7C-50570C30C711}.Ad-Hoc|Any CPU.Build.0 = Debug|Any CPU
		{6C62442D-0F42-4845-8F7C-50570C30C711}.Ad-Hoc|ARM.ActiveCfg = Debug|Any CPU
		{6C62442D-0F42-4845-8F7C-50570C30C711}.Ad-Hoc|ARM.Build.0 = Debug|Any CPU
		{6C62442D-0F42-4845-8F7C-50570C30C711}.Ad-Hoc|iPhone.ActiveCfg = Debug|Any CPU
		{6C62442D-0F42-4845-8F7C-50570C30C711}.Ad-Hoc|iPhone.Build.0 = Debug|Any CPU
		{6C62442D-0F42-4845-8F7C-50570C30C711}.Ad-Hoc|iPhoneSimulator.ActiveCfg = Debug|Any CPU
		{6C62442D-0F42-4845-8F7C-50570C30C711}.Ad-Hoc|iPhoneSimulator.Build.0 = Debug|Any CPU
		{6C62442D-0F42-4845-8F7C-50570C30C711}.Ad-Hoc|x64.ActiveCfg = Debug|Any CPU
		{6C62442D-0F42-4845-8F7C-50570C30C711}.Ad-Hoc|x64.Build.0 = Debug|Any CPU
		{6C62442D-0F42-4845-8F7C-50570C30C711}.Ad-Hoc|x86.ActiveCfg = Debug|Any CPU
		{6C62442D-0F42-4845-8F7C-50570C30C711}.Ad-Hoc|x86.Build.0 = Debug|Any CPU
		{6C62442D-0F42-4845-8F7C-50570C30C711}.AppStore|Any CPU.ActiveCfg = Debug|Any CPU
		{6C62442D-0F42-4845-8F7C-50570C30C711}.AppStore|Any CPU.Build.0 = Debug|Any CPU
		{6C62442D-0F42-4845-8F7C-50570C30C711}.AppStore|ARM.ActiveCfg = Debug|Any CPU
		{6C62442D-0F42-4845-8F7C-50570C30C711}.AppStore|ARM.Build.0 = Debug|Any CPU
		{6C62442D-0F42-4845-8F7C-50570C30C711}.AppStore|iPhone.ActiveCfg = Debug|Any CPU
		{6C62442D-0F42-4845-8F7C-50570C30C711}.AppStore|iPhone.Build.0 = Debug|Any CPU
		{6C62442D-0F42-4845-8F7C-50570C30C711}.AppStore|iPhoneSimulator.ActiveCfg = Debug|Any CPU
		{6C62442D-0F42-4845-8F7C-50570C30C711}.AppStore|iPhoneSimulator.Build.0 = Debug|Any CPU
		{6C62442D-0F42-4845-8F7C-50570C30C711}.AppStore|x64.ActiveCfg = Debug|Any CPU
		{6C62442D-0F42-4845-8F7C-50570C30C711}.AppStore|x64.Build.0 = Debug|Any CPU
		{6C62442D-0F42-4845-8F7C-50570C30C711}.AppStore|x86.ActiveCfg = Debug|Any CPU
		{6C62442D-0F42-4845-8F7C-50570C30C711}.AppStore|x86.Build.0 = Debug|Any CPU
		{6C62442D-0F42-4845-8F7C-50570C30C711}.Debug|Any CPU.ActiveCfg = Debug|Any CPU
		{6C62442D-0F42-4845-8F7C-50570C30C711}.Debug|Any CPU.Build.0 = Debug|Any CPU
		{6C62442D-0F42-4845-8F7C-50570C30C711}.Debug|ARM.ActiveCfg = Debug|Any CPU
		{6C62442D-0F42-4845-8F7C-50570C30C711}.Debug|ARM.Build.0 = Debug|Any CPU
		{6C62442D-0F42-4845-8F7C-50570C30C711}.Debug|iPhone.ActiveCfg = Debug|Any CPU
		{6C62442D-0F42-4845-8F7C-50570C30C711}.Debug|iPhone.Build.0 = Debug|Any CPU
		{6C62442D-0F42-4845-8F7C-50570C30C711}.Debug|iPhoneSimulator.ActiveCfg = Debug|Any CPU
		{6C62442D-0F42-4845-8F7C-50570C30C711}.Debug|iPhoneSimulator.Build.0 = Debug|Any CPU
		{6C62442D-0F42-4845-8F7C-50570C30C711}.Debug|x64.ActiveCfg = Debug|Any CPU
		{6C62442D-0F42-4845-8F7C-50570C30C711}.Debug|x64.Build.0 = Debug|Any CPU
		{6C62442D-0F42-4845-8F7C-50570C30C711}.Debug|x86.ActiveCfg = Debug|Any CPU
		{6C62442D-0F42-4845-8F7C-50570C30C711}.Debug|x86.Build.0 = Debug|Any CPU
		{6C62442D-0F42-4845-8F7C-50570C30C711}.Release|Any CPU.ActiveCfg = Release|Any CPU
		{6C62442D-0F42-4845-8F7C-50570C30C711}.Release|Any CPU.Build.0 = Release|Any CPU
		{6C62442D-0F42-4845-8F7C-50570C30C711}.Release|ARM.ActiveCfg = Release|Any CPU
		{6C62442D-0F42-4845-8F7C-50570C30C711}.Release|ARM.Build.0 = Release|Any CPU
		{6C62442D-0F42-4845-8F7C-50570C30C711}.Release|iPhone.ActiveCfg = Release|Any CPU
		{6C62442D-0F42-4845-8F7C-50570C30C711}.Release|iPhone.Build.0 = Release|Any CPU
		{6C62442D-0F42-4845-8F7C-50570C30C711}.Release|iPhoneSimulator.ActiveCfg = Release|Any CPU
		{6C62442D-0F42-4845-8F7C-50570C30C711}.Release|iPhoneSimulator.Build.0 = Release|Any CPU
		{6C62442D-0F42-4845-8F7C-50570C30C711}.Release|x64.ActiveCfg = Release|Any CPU
		{6C62442D-0F42-4845-8F7C-50570C30C711}.Release|x64.Build.0 = Release|Any CPU
		{6C62442D-0F42-4845-8F7C-50570C30C711}.Release|x86.ActiveCfg = Release|Any CPU
		{6C62442D-0F42-4845-8F7C-50570C30C711}.Release|x86.Build.0 = Release|Any CPU
		{E1561712-6C40-48CF-9219-765571B8D2E7}.Ad-Hoc|Any CPU.ActiveCfg = Debug|Any CPU
		{E1561712-6C40-48CF-9219-765571B8D2E7}.Ad-Hoc|Any CPU.Build.0 = Debug|Any CPU
		{E1561712-6C40-48CF-9219-765571B8D2E7}.Ad-Hoc|Any CPU.Deploy.0 = Debug|Any CPU
		{E1561712-6C40-48CF-9219-765571B8D2E7}.Ad-Hoc|ARM.ActiveCfg = Debug|Any CPU
		{E1561712-6C40-48CF-9219-765571B8D2E7}.Ad-Hoc|ARM.Build.0 = Debug|Any CPU
		{E1561712-6C40-48CF-9219-765571B8D2E7}.Ad-Hoc|ARM.Deploy.0 = Debug|Any CPU
		{E1561712-6C40-48CF-9219-765571B8D2E7}.Ad-Hoc|iPhone.ActiveCfg = Debug|Any CPU
		{E1561712-6C40-48CF-9219-765571B8D2E7}.Ad-Hoc|iPhone.Build.0 = Debug|Any CPU
		{E1561712-6C40-48CF-9219-765571B8D2E7}.Ad-Hoc|iPhone.Deploy.0 = Debug|Any CPU
		{E1561712-6C40-48CF-9219-765571B8D2E7}.Ad-Hoc|iPhoneSimulator.ActiveCfg = Debug|Any CPU
		{E1561712-6C40-48CF-9219-765571B8D2E7}.Ad-Hoc|iPhoneSimulator.Build.0 = Debug|Any CPU
		{E1561712-6C40-48CF-9219-765571B8D2E7}.Ad-Hoc|iPhoneSimulator.Deploy.0 = Debug|Any CPU
		{E1561712-6C40-48CF-9219-765571B8D2E7}.Ad-Hoc|x64.ActiveCfg = Debug|Any CPU
		{E1561712-6C40-48CF-9219-765571B8D2E7}.Ad-Hoc|x64.Build.0 = Debug|Any CPU
		{E1561712-6C40-48CF-9219-765571B8D2E7}.Ad-Hoc|x64.Deploy.0 = Debug|Any CPU
		{E1561712-6C40-48CF-9219-765571B8D2E7}.Ad-Hoc|x86.ActiveCfg = Debug|Any CPU
		{E1561712-6C40-48CF-9219-765571B8D2E7}.Ad-Hoc|x86.Build.0 = Debug|Any CPU
		{E1561712-6C40-48CF-9219-765571B8D2E7}.Ad-Hoc|x86.Deploy.0 = Debug|Any CPU
		{E1561712-6C40-48CF-9219-765571B8D2E7}.AppStore|Any CPU.ActiveCfg = Debug|Any CPU
		{E1561712-6C40-48CF-9219-765571B8D2E7}.AppStore|Any CPU.Build.0 = Debug|Any CPU
		{E1561712-6C40-48CF-9219-765571B8D2E7}.AppStore|Any CPU.Deploy.0 = Debug|Any CPU
		{E1561712-6C40-48CF-9219-765571B8D2E7}.AppStore|ARM.ActiveCfg = Debug|Any CPU
		{E1561712-6C40-48CF-9219-765571B8D2E7}.AppStore|ARM.Build.0 = Debug|Any CPU
		{E1561712-6C40-48CF-9219-765571B8D2E7}.AppStore|ARM.Deploy.0 = Debug|Any CPU
		{E1561712-6C40-48CF-9219-765571B8D2E7}.AppStore|iPhone.ActiveCfg = Debug|Any CPU
		{E1561712-6C40-48CF-9219-765571B8D2E7}.AppStore|iPhone.Build.0 = Debug|Any CPU
		{E1561712-6C40-48CF-9219-765571B8D2E7}.AppStore|iPhone.Deploy.0 = Debug|Any CPU
		{E1561712-6C40-48CF-9219-765571B8D2E7}.AppStore|iPhoneSimulator.ActiveCfg = Debug|Any CPU
		{E1561712-6C40-48CF-9219-765571B8D2E7}.AppStore|iPhoneSimulator.Build.0 = Debug|Any CPU
		{E1561712-6C40-48CF-9219-765571B8D2E7}.AppStore|iPhoneSimulator.Deploy.0 = Debug|Any CPU
		{E1561712-6C40-48CF-9219-765571B8D2E7}.AppStore|x64.ActiveCfg = Debug|Any CPU
		{E1561712-6C40-48CF-9219-765571B8D2E7}.AppStore|x64.Build.0 = Debug|Any CPU
		{E1561712-6C40-48CF-9219-765571B8D2E7}.AppStore|x64.Deploy.0 = Debug|Any CPU
		{E1561712-6C40-48CF-9219-765571B8D2E7}.AppStore|x86.ActiveCfg = Debug|Any CPU
		{E1561712-6C40-48CF-9219-765571B8D2E7}.AppStore|x86.Build.0 = Debug|Any CPU
		{E1561712-6C40-48CF-9219-765571B8D2E7}.AppStore|x86.Deploy.0 = Debug|Any CPU
		{E1561712-6C40-48CF-9219-765571B8D2E7}.Debug|Any CPU.ActiveCfg = Debug|Any CPU
		{E1561712-6C40-48CF-9219-765571B8D2E7}.Debug|Any CPU.Build.0 = Debug|Any CPU
		{E1561712-6C40-48CF-9219-765571B8D2E7}.Debug|Any CPU.Deploy.0 = Debug|Any CPU
		{E1561712-6C40-48CF-9219-765571B8D2E7}.Debug|ARM.ActiveCfg = Debug|Any CPU
		{E1561712-6C40-48CF-9219-765571B8D2E7}.Debug|ARM.Build.0 = Debug|Any CPU
		{E1561712-6C40-48CF-9219-765571B8D2E7}.Debug|ARM.Deploy.0 = Debug|Any CPU
		{E1561712-6C40-48CF-9219-765571B8D2E7}.Debug|iPhone.ActiveCfg = Debug|Any CPU
		{E1561712-6C40-48CF-9219-765571B8D2E7}.Debug|iPhone.Build.0 = Debug|Any CPU
		{E1561712-6C40-48CF-9219-765571B8D2E7}.Debug|iPhone.Deploy.0 = Debug|Any CPU
		{E1561712-6C40-48CF-9219-765571B8D2E7}.Debug|iPhoneSimulator.ActiveCfg = Debug|Any CPU
		{E1561712-6C40-48CF-9219-765571B8D2E7}.Debug|iPhoneSimulator.Build.0 = Debug|Any CPU
		{E1561712-6C40-48CF-9219-765571B8D2E7}.Debug|iPhoneSimulator.Deploy.0 = Debug|Any CPU
		{E1561712-6C40-48CF-9219-765571B8D2E7}.Debug|x64.ActiveCfg = Debug|Any CPU
		{E1561712-6C40-48CF-9219-765571B8D2E7}.Debug|x64.Build.0 = Debug|Any CPU
		{E1561712-6C40-48CF-9219-765571B8D2E7}.Debug|x64.Deploy.0 = Debug|Any CPU
		{E1561712-6C40-48CF-9219-765571B8D2E7}.Debug|x86.ActiveCfg = Debug|Any CPU
		{E1561712-6C40-48CF-9219-765571B8D2E7}.Debug|x86.Build.0 = Debug|Any CPU
		{E1561712-6C40-48CF-9219-765571B8D2E7}.Debug|x86.Deploy.0 = Debug|Any CPU
		{E1561712-6C40-48CF-9219-765571B8D2E7}.Release|Any CPU.ActiveCfg = Release|Any CPU
		{E1561712-6C40-48CF-9219-765571B8D2E7}.Release|Any CPU.Build.0 = Release|Any CPU
		{E1561712-6C40-48CF-9219-765571B8D2E7}.Release|Any CPU.Deploy.0 = Release|Any CPU
		{E1561712-6C40-48CF-9219-765571B8D2E7}.Release|ARM.ActiveCfg = Release|Any CPU
		{E1561712-6C40-48CF-9219-765571B8D2E7}.Release|ARM.Build.0 = Release|Any CPU
		{E1561712-6C40-48CF-9219-765571B8D2E7}.Release|ARM.Deploy.0 = Release|Any CPU
		{E1561712-6C40-48CF-9219-765571B8D2E7}.Release|iPhone.ActiveCfg = Release|Any CPU
		{E1561712-6C40-48CF-9219-765571B8D2E7}.Release|iPhone.Build.0 = Release|Any CPU
		{E1561712-6C40-48CF-9219-765571B8D2E7}.Release|iPhone.Deploy.0 = Release|Any CPU
		{E1561712-6C40-48CF-9219-765571B8D2E7}.Release|iPhoneSimulator.ActiveCfg = Release|Any CPU
		{E1561712-6C40-48CF-9219-765571B8D2E7}.Release|iPhoneSimulator.Build.0 = Release|Any CPU
		{E1561712-6C40-48CF-9219-765571B8D2E7}.Release|iPhoneSimulator.Deploy.0 = Release|Any CPU
		{E1561712-6C40-48CF-9219-765571B8D2E7}.Release|x64.ActiveCfg = Release|Any CPU
		{E1561712-6C40-48CF-9219-765571B8D2E7}.Release|x64.Build.0 = Release|Any CPU
		{E1561712-6C40-48CF-9219-765571B8D2E7}.Release|x64.Deploy.0 = Release|Any CPU
		{E1561712-6C40-48CF-9219-765571B8D2E7}.Release|x86.ActiveCfg = Release|Any CPU
		{E1561712-6C40-48CF-9219-765571B8D2E7}.Release|x86.Build.0 = Release|Any CPU
		{E1561712-6C40-48CF-9219-765571B8D2E7}.Release|x86.Deploy.0 = Release|Any CPU
		{DAB60D26-107E-4C29-9020-C181BBC5862F}.Ad-Hoc|Any CPU.ActiveCfg = Ad-Hoc|iPhoneSimulator
		{DAB60D26-107E-4C29-9020-C181BBC5862F}.Ad-Hoc|ARM.ActiveCfg = Ad-Hoc|iPhoneSimulator
		{DAB60D26-107E-4C29-9020-C181BBC5862F}.Ad-Hoc|iPhone.ActiveCfg = Ad-Hoc|iPhone
		{DAB60D26-107E-4C29-9020-C181BBC5862F}.Ad-Hoc|iPhone.Build.0 = Ad-Hoc|iPhone
		{DAB60D26-107E-4C29-9020-C181BBC5862F}.Ad-Hoc|iPhoneSimulator.ActiveCfg = Ad-Hoc|iPhoneSimulator
		{DAB60D26-107E-4C29-9020-C181BBC5862F}.Ad-Hoc|iPhoneSimulator.Build.0 = Ad-Hoc|iPhoneSimulator
		{DAB60D26-107E-4C29-9020-C181BBC5862F}.Ad-Hoc|x64.ActiveCfg = Ad-Hoc|iPhoneSimulator
		{DAB60D26-107E-4C29-9020-C181BBC5862F}.Ad-Hoc|x86.ActiveCfg = Ad-Hoc|iPhoneSimulator
		{DAB60D26-107E-4C29-9020-C181BBC5862F}.AppStore|Any CPU.ActiveCfg = AppStore|iPhoneSimulator
		{DAB60D26-107E-4C29-9020-C181BBC5862F}.AppStore|ARM.ActiveCfg = AppStore|iPhoneSimulator
		{DAB60D26-107E-4C29-9020-C181BBC5862F}.AppStore|iPhone.ActiveCfg = AppStore|iPhone
		{DAB60D26-107E-4C29-9020-C181BBC5862F}.AppStore|iPhone.Build.0 = AppStore|iPhone
		{DAB60D26-107E-4C29-9020-C181BBC5862F}.AppStore|iPhoneSimulator.ActiveCfg = AppStore|iPhoneSimulator
		{DAB60D26-107E-4C29-9020-C181BBC5862F}.AppStore|iPhoneSimulator.Build.0 = AppStore|iPhoneSimulator
		{DAB60D26-107E-4C29-9020-C181BBC5862F}.AppStore|x64.ActiveCfg = AppStore|iPhoneSimulator
		{DAB60D26-107E-4C29-9020-C181BBC5862F}.AppStore|x86.ActiveCfg = AppStore|iPhoneSimulator
		{DAB60D26-107E-4C29-9020-C181BBC5862F}.Debug|Any CPU.ActiveCfg = Debug|iPhoneSimulator
		{DAB60D26-107E-4C29-9020-C181BBC5862F}.Debug|ARM.ActiveCfg = Debug|iPhoneSimulator
		{DAB60D26-107E-4C29-9020-C181BBC5862F}.Debug|iPhone.ActiveCfg = Debug|iPhone
		{DAB60D26-107E-4C29-9020-C181BBC5862F}.Debug|iPhone.Build.0 = Debug|iPhone
		{DAB60D26-107E-4C29-9020-C181BBC5862F}.Debug|iPhoneSimulator.ActiveCfg = Debug|iPhoneSimulator
		{DAB60D26-107E-4C29-9020-C181BBC5862F}.Debug|iPhoneSimulator.Build.0 = Debug|iPhoneSimulator
		{DAB60D26-107E-4C29-9020-C181BBC5862F}.Debug|x64.ActiveCfg = Debug|iPhoneSimulator
		{DAB60D26-107E-4C29-9020-C181BBC5862F}.Debug|x86.ActiveCfg = Debug|iPhoneSimulator
		{DAB60D26-107E-4C29-9020-C181BBC5862F}.Release|Any CPU.ActiveCfg = Release|iPhoneSimulator
		{DAB60D26-107E-4C29-9020-C181BBC5862F}.Release|ARM.ActiveCfg = Release|iPhoneSimulator
		{DAB60D26-107E-4C29-9020-C181BBC5862F}.Release|iPhone.ActiveCfg = Release|iPhone
		{DAB60D26-107E-4C29-9020-C181BBC5862F}.Release|iPhone.Build.0 = Release|iPhone
		{DAB60D26-107E-4C29-9020-C181BBC5862F}.Release|iPhoneSimulator.ActiveCfg = Release|iPhoneSimulator
		{DAB60D26-107E-4C29-9020-C181BBC5862F}.Release|iPhoneSimulator.Build.0 = Release|iPhoneSimulator
		{DAB60D26-107E-4C29-9020-C181BBC5862F}.Release|x64.ActiveCfg = Release|iPhoneSimulator
		{DAB60D26-107E-4C29-9020-C181BBC5862F}.Release|x86.ActiveCfg = Release|iPhoneSimulator
		{02232212-B4AD-413D-8E4B-854AAA95F8DF}.Ad-Hoc|Any CPU.ActiveCfg = Debug|ARM
		{02232212-B4AD-413D-8E4B-854AAA95F8DF}.Ad-Hoc|Any CPU.Build.0 = Debug|ARM
		{02232212-B4AD-413D-8E4B-854AAA95F8DF}.Ad-Hoc|Any CPU.Deploy.0 = Debug|ARM
		{02232212-B4AD-413D-8E4B-854AAA95F8DF}.Ad-Hoc|ARM.ActiveCfg = Debug|ARM
		{02232212-B4AD-413D-8E4B-854AAA95F8DF}.Ad-Hoc|ARM.Build.0 = Debug|ARM
		{02232212-B4AD-413D-8E4B-854AAA95F8DF}.Ad-Hoc|ARM.Deploy.0 = Debug|ARM
		{02232212-B4AD-413D-8E4B-854AAA95F8DF}.Ad-Hoc|iPhone.ActiveCfg = Debug|ARM
		{02232212-B4AD-413D-8E4B-854AAA95F8DF}.Ad-Hoc|iPhone.Build.0 = Debug|ARM
		{02232212-B4AD-413D-8E4B-854AAA95F8DF}.Ad-Hoc|iPhone.Deploy.0 = Debug|ARM
		{02232212-B4AD-413D-8E4B-854AAA95F8DF}.Ad-Hoc|iPhoneSimulator.ActiveCfg = Debug|ARM
		{02232212-B4AD-413D-8E4B-854AAA95F8DF}.Ad-Hoc|iPhoneSimulator.Build.0 = Debug|ARM
		{02232212-B4AD-413D-8E4B-854AAA95F8DF}.Ad-Hoc|iPhoneSimulator.Deploy.0 = Debug|ARM
		{02232212-B4AD-413D-8E4B-854AAA95F8DF}.Ad-Hoc|x64.ActiveCfg = Debug|x64
		{02232212-B4AD-413D-8E4B-854AAA95F8DF}.Ad-Hoc|x64.Build.0 = Debug|x64
		{02232212-B4AD-413D-8E4B-854AAA95F8DF}.Ad-Hoc|x64.Deploy.0 = Debug|x64
		{02232212-B4AD-413D-8E4B-854AAA95F8DF}.Ad-Hoc|x86.ActiveCfg = Debug|x86
		{02232212-B4AD-413D-8E4B-854AAA95F8DF}.Ad-Hoc|x86.Build.0 = Debug|x86
		{02232212-B4AD-413D-8E4B-854AAA95F8DF}.Ad-Hoc|x86.Deploy.0 = Debug|x86
		{02232212-B4AD-413D-8E4B-854AAA95F8DF}.AppStore|Any CPU.ActiveCfg = Debug|ARM
		{02232212-B4AD-413D-8E4B-854AAA95F8DF}.AppStore|Any CPU.Build.0 = Debug|ARM
		{02232212-B4AD-413D-8E4B-854AAA95F8DF}.AppStore|Any CPU.Deploy.0 = Debug|ARM
		{02232212-B4AD-413D-8E4B-854AAA95F8DF}.AppStore|ARM.ActiveCfg = Debug|ARM
		{02232212-B4AD-413D-8E4B-854AAA95F8DF}.AppStore|ARM.Build.0 = Debug|ARM
		{02232212-B4AD-413D-8E4B-854AAA95F8DF}.AppStore|ARM.Deploy.0 = Debug|ARM
		{02232212-B4AD-413D-8E4B-854AAA95F8DF}.AppStore|iPhone.ActiveCfg = Debug|ARM
		{02232212-B4AD-413D-8E4B-854AAA95F8DF}.AppStore|iPhone.Build.0 = Debug|ARM
		{02232212-B4AD-413D-8E4B-854AAA95F8DF}.AppStore|iPhone.Deploy.0 = Debug|ARM
		{02232212-B4AD-413D-8E4B-854AAA95F8DF}.AppStore|iPhoneSimulator.ActiveCfg = Debug|ARM
		{02232212-B4AD-413D-8E4B-854AAA95F8DF}.AppStore|iPhoneSimulator.Build.0 = Debug|ARM
		{02232212-B4AD-413D-8E4B-854AAA95F8DF}.AppStore|iPhoneSimulator.Deploy.0 = Debug|ARM
		{02232212-B4AD-413D-8E4B-854AAA95F8DF}.AppStore|x64.ActiveCfg = Debug|x64
		{02232212-B4AD-413D-8E4B-854AAA95F8DF}.AppStore|x64.Build.0 = Debug|x64
		{02232212-B4AD-413D-8E4B-854AAA95F8DF}.AppStore|x64.Deploy.0 = Debug|x64
		{02232212-B4AD-413D-8E4B-854AAA95F8DF}.AppStore|x86.ActiveCfg = Debug|x86
		{02232212-B4AD-413D-8E4B-854AAA95F8DF}.AppStore|x86.Build.0 = Debug|x86
		{02232212-B4AD-413D-8E4B-854AAA95F8DF}.AppStore|x86.Deploy.0 = Debug|x86
		{02232212-B4AD-413D-8E4B-854AAA95F8DF}.Debug|Any CPU.ActiveCfg = Debug|x86
		{02232212-B4AD-413D-8E4B-854AAA95F8DF}.Debug|ARM.ActiveCfg = Debug|ARM
		{02232212-B4AD-413D-8E4B-854AAA95F8DF}.Debug|ARM.Build.0 = Debug|ARM
		{02232212-B4AD-413D-8E4B-854AAA95F8DF}.Debug|ARM.Deploy.0 = Debug|ARM
		{02232212-B4AD-413D-8E4B-854AAA95F8DF}.Debug|iPhone.ActiveCfg = Debug|x86
		{02232212-B4AD-413D-8E4B-854AAA95F8DF}.Debug|iPhoneSimulator.ActiveCfg = Debug|x86
		{02232212-B4AD-413D-8E4B-854AAA95F8DF}.Debug|x64.ActiveCfg = Debug|x64
		{02232212-B4AD-413D-8E4B-854AAA95F8DF}.Debug|x64.Build.0 = Debug|x64
		{02232212-B4AD-413D-8E4B-854AAA95F8DF}.Debug|x64.Deploy.0 = Debug|x64
		{02232212-B4AD-413D-8E4B-854AAA95F8DF}.Debug|x86.ActiveCfg = Debug|x86
		{02232212-B4AD-413D-8E4B-854AAA95F8DF}.Debug|x86.Build.0 = Debug|x86
		{02232212-B4AD-413D-8E4B-854AAA95F8DF}.Debug|x86.Deploy.0 = Debug|x86
		{02232212-B4AD-413D-8E4B-854AAA95F8DF}.Release|Any CPU.ActiveCfg = Release|x86
		{02232212-B4AD-413D-8E4B-854AAA95F8DF}.Release|ARM.ActiveCfg = Release|ARM
		{02232212-B4AD-413D-8E4B-854AAA95F8DF}.Release|ARM.Build.0 = Release|ARM
		{02232212-B4AD-413D-8E4B-854AAA95F8DF}.Release|ARM.Deploy.0 = Release|ARM
		{02232212-B4AD-413D-8E4B-854AAA95F8DF}.Release|iPhone.ActiveCfg = Release|x86
		{02232212-B4AD-413D-8E4B-854AAA95F8DF}.Release|iPhoneSimulator.ActiveCfg = Release|x86
		{02232212-B4AD-413D-8E4B-854AAA95F8DF}.Release|x64.ActiveCfg = Release|x64
		{02232212-B4AD-413D-8E4B-854AAA95F8DF}.Release|x64.Build.0 = Release|x64
		{02232212-B4AD-413D-8E4B-854AAA95F8DF}.Release|x64.Deploy.0 = Release|x64
		{02232212-B4AD-413D-8E4B-854AAA95F8DF}.Release|x86.ActiveCfg = Release|x86
		{02232212-B4AD-413D-8E4B-854AAA95F8DF}.Release|x86.Build.0 = Release|x86
		{02232212-B4AD-413D-8E4B-854AAA95F8DF}.Release|x86.Deploy.0 = Release|x86
	EndGlobalSection
	GlobalSection(SolutionProperties) = preSolution
		HideSolutionNode = FALSE
	EndGlobalSection
	GlobalSection(ExtensibilityGlobals) = postSolution
		SolutionGuid = {07AE4813-C426-4359-A86A-4E676B6A4939}
	EndGlobalSection
EndGlobal
